
Microsoft Visual Studio Solution File, Format Version 12.00
# Visual Studio 2013
VisualStudioVersion = 12.0.31101.0
MinimumVisualStudioVersion = 10.0.40219.1
Project("{2150E333-8FDC-42A3-9474-1A3956D46DE8}") = "Web", "Web", "{6CB0BFDA-C469-4DFF-BE94-F6C1ECE409BA}"
EndProject
Project("{2150E333-8FDC-42A3-9474-1A3956D46DE8}") = "Assets", "Assets", "{15E61E75-FBF2-4A92-8CA4-0CB7066A73CA}"
EndProject
Project("{2150E333-8FDC-42A3-9474-1A3956D46DE8}") = "BusinessLogic", "BusinessLogic", "{A03F2738-2DFA-4FCA-BEA9-5210CA4083D4}"
EndProject
Project("{2150E333-8FDC-42A3-9474-1A3956D46DE8}") = "DataLayer", "DataLayer", "{E60C76D7-8807-43DE-9C62-9E0CF98054B6}"
EndProject
Project("{2150E333-8FDC-42A3-9474-1A3956D46DE8}") = "DataTransferObject", "DataTransferObject", "{2F9FC8C2-F524-4A8C-AC0D-AD8644D30425}"
EndProject
Project("{2150E333-8FDC-42A3-9474-1A3956D46DE8}") = "Utils", "Utils", "{549CD4BD-BE39-418B-A563-34DBD1D62784}"
EndProject
Project("{FAE04EC0-301F-11D3-BF4B-00C04F79EFBC}") = "Utils", "Utils\Utils.csproj", "{8D360B86-F6BB-484F-93E4-6A47E7999A87}"
EndProject
Project("{FAE04EC0-301F-11D3-BF4B-00C04F79EFBC}") = "EndPoint", "Web\UI\EndPoint.csproj", "{03CAF698-563F-46B8-A31D-802F27170493}"
EndProject
Project("{FAE04EC0-301F-11D3-BF4B-00C04F79EFBC}") = "DataLayer", "DataLayer\DataLayer.csproj", "{263DA3A1-B8DF-4A24-8596-67E99884BDC1}"
EndProject
Project("{FAE04EC0-301F-11D3-BF4B-00C04F79EFBC}") = "BusinessLogic", "BusinessLogic\BusinessLogic.csproj", "{FE6EA67B-DABB-40B1-909E-160B1D23DBE5}"
EndProject
Project("{2150E333-8FDC-42A3-9474-1A3956D46DE8}") = "Test", "Test", "{0C507CA1-ABFE-4F68-9017-0BF5B1167ED0}"
EndProject
Project("{FAE04EC0-301F-11D3-BF4B-00C04F79EFBC}") = "TestWebSite", "Test\TestWebSite\TestWebSite.csproj", "{425F8179-B647-4A87-A474-F89286823056}"
EndProject
Project("{FAE04EC0-301F-11D3-BF4B-00C04F79EFBC}") = "TestConsole", "Test\TestConsole\TestConsole.csproj", "{37483C4C-BFFD-4388-A648-569B7022E2CC}"
EndProject
Project("{2150E333-8FDC-42A3-9474-1A3956D46DE8}") = "Services", "Services", "{D5BA4CF0-50C7-486B-B7DE-2A1D1F3D84A1}"
EndProject
Project("{FAE04EC0-301F-11D3-BF4B-00C04F79EFBC}") = "Administrative", "Services\Administrative\Administrative.csproj", "{7F0ED24E-6864-4462-A2FD-1D33A6413BBB}"
EndProject
Project("{2150E333-8FDC-42A3-9474-1A3956D46DE8}") = "Framework", "Framework", "{88CB4D3B-B626-4E05-A468-A4D095CA0BEB}"
EndProject
Project("{FAE04EC0-301F-11D3-BF4B-00C04F79EFBC}") = "Framework", "Framework\Framework\Framework.csproj", "{9F73A0A5-269F-4658-B1E4-74544EDE41E0}"
EndProject
Project("{FAE04EC0-301F-11D3-BF4B-00C04F79EFBC}") = "HttpModules", "Framework\HttpModules\HttpModules.csproj", "{7243AC0C-9841-42BD-BD79-4560466203D5}"
EndProject
Project("{FAE04EC0-301F-11D3-BF4B-00C04F79EFBC}") = "Administrative", "DataTransferObject\Administrative\Administrative.csproj", "{737FC942-0341-477A-A120-6738D6D12274}"
EndProject
Project("{FAE04EC0-301F-11D3-BF4B-00C04F79EFBC}") = "BaseObjectModels", "DataTransferObject\BaseObjectModels\BaseObjectModels.csproj", "{A8F39877-FF33-4EA5-AE3D-4E4FA29E42B2}"
EndProject
Project("{FAE04EC0-301F-11D3-BF4B-00C04F79EFBC}") = "Resource", "DataTransferObject\Resource\Resource.csproj", "{BD5CCD8E-A16C-4BE8-88C5-87CE9DE82330}"
EndProject
Project("{FAE04EC0-301F-11D3-BF4B-00C04F79EFBC}") = "Membership", "DataTransferObject\Membership\Membership.csproj", "{C95737B3-D61F-480A-9DC6-3321D3210C4C}"
EndProject
Project("{FAE04EC0-301F-11D3-BF4B-00C04F79EFBC}") = "Membership", "Services\Membership\Membership.csproj", "{063B3A0B-218D-440A-A245-2FD655B5EB1B}"
EndProject
Project("{2150E333-8FDC-42A3-9474-1A3956D46DE8}") = "Membership", "Membership", "{B1312057-5826-42FC-B15F-7D694CE16A78}"
EndProject
Project("{FAE04EC0-301F-11D3-BF4B-00C04F79EFBC}") = "Membership.Authentication", "DataTransferObject\Membership.Authentication\Membership.Authentication.csproj", "{EC7C7ACF-139F-45CF-A5A0-C2CD004A2789}"
EndProject
Project("{FAE04EC0-301F-11D3-BF4B-00C04F79EFBC}") = "Membership.Authentication", "Services\Membership.Authentication\Membership.Authentication.csproj", "{F290C4FD-1126-485E-902A-24A0DC8D3377}"
EndProject
Project("{FAE04EC0-301F-11D3-BF4B-00C04F79EFBC}") = "Utils.Security", "Utils.Security\Utils.Security.csproj", "{6DB84EE5-623F-48E8-9EC7-4B1F46FCFBAF}"
EndProject
Project("{FAE04EC0-301F-11D3-BF4B-00C04F79EFBC}") = "UI", "Assets\Developement\UI\UI.csproj", "{F80C4D6D-4D88-4694-B5AD-C58F1FD14984}"
EndProject
Project("{2150E333-8FDC-42A3-9474-1A3956D46DE8}") = "Scraper", "Scraper", "{718B851C-33E0-44CC-9DA5-C5E133FEF6D4}"
EndProject
Project("{FAE04EC0-301F-11D3-BF4B-00C04F79EFBC}") = "WebApplication", "Assets\Scraper\WebApplication\WebApplication.csproj", "{49B356EF-5DC6-48CA-A089-6A5955931ADA}"
EndProject
Project("{FAE04EC0-301F-11D3-BF4B-00C04F79EFBC}") = "DataTransferObject", "Assets\Scraper\DataTransferObject\DataTransferObject.csproj", "{1949B79F-FBCA-4845-8787-B8716DBAE9A9}"
EndProject
Project("{FAE04EC0-301F-11D3-BF4B-00C04F79EFBC}") = "Services", "Assets\Scraper\Services\Services\Services.csproj", "{E22BE40D-71A6-4E6F-9FFA-BA757E037672}"
EndProject
Project("{FAE04EC0-301F-11D3-BF4B-00C04F79EFBC}") = "BusinessLogic", "Assets\Scraper\BusinessLogic\BusinessLogic.csproj", "{3ADB771C-1B1E-4358-B817-2A07513415C0}"
EndProject
Project("{FAE04EC0-301F-11D3-BF4B-00C04F79EFBC}") = "DataLayer", "Assets\Scraper\DataLayer\DataLayer.csproj", "{533356FB-DF23-4C10-ABBF-3DCD84DE3AF1}"
EndProject
Project("{FAE04EC0-301F-11D3-BF4B-00C04F79EFBC}") = "Controls", "Framework\Controls\Controls.csproj", "{27C7F520-2F00-49B4-A8D1-DDB8CF355359}"
EndProject
Project("{FAE04EC0-301F-11D3-BF4B-00C04F79EFBC}") = "Utils.BusinessLogic", "Utils.BusinessLogic\Utils.BusinessLogic.csproj", "{5F08E291-FADE-4495-A55D-8C9CCA9B3D8D}"
EndProject
Project("{2150E333-8FDC-42A3-9474-1A3956D46DE8}") = "Data", "Data", "{1FD78C80-7F87-46CC-BFB9-EF0CE25ECC48}"
EndProject
Project("{FAE04EC0-301F-11D3-BF4B-00C04F79EFBC}") = "Layers", "Data\Layers\Layers.csproj", "{B26801EB-946D-4A6D-A4D7-422076924177}"
EndProject
Global
	GlobalSection(SolutionConfigurationPlatforms) = preSolution
		Debug|Any CPU = Debug|Any CPU
		Release|Any CPU = Release|Any CPU
		Staging|Any CPU = Staging|Any CPU
	EndGlobalSection
	GlobalSection(ProjectConfigurationPlatforms) = postSolution
		{8D360B86-F6BB-484F-93E4-6A47E7999A87}.Debug|Any CPU.ActiveCfg = Debug|Any CPU
		{8D360B86-F6BB-484F-93E4-6A47E7999A87}.Debug|Any CPU.Build.0 = Debug|Any CPU
		{8D360B86-F6BB-484F-93E4-6A47E7999A87}.Release|Any CPU.ActiveCfg = Release|Any CPU
		{8D360B86-F6BB-484F-93E4-6A47E7999A87}.Release|Any CPU.Build.0 = Release|Any CPU
		{8D360B86-F6BB-484F-93E4-6A47E7999A87}.Staging|Any CPU.ActiveCfg = Staging|Any CPU
		{8D360B86-F6BB-484F-93E4-6A47E7999A87}.Staging|Any CPU.Build.0 = Staging|Any CPU
		{03CAF698-563F-46B8-A31D-802F27170493}.Debug|Any CPU.ActiveCfg = Debug|Any CPU
		{03CAF698-563F-46B8-A31D-802F27170493}.Debug|Any CPU.Build.0 = Debug|Any CPU
		{03CAF698-563F-46B8-A31D-802F27170493}.Release|Any CPU.ActiveCfg = Release|Any CPU
		{03CAF698-563F-46B8-A31D-802F27170493}.Release|Any CPU.Build.0 = Release|Any CPU
		{03CAF698-563F-46B8-A31D-802F27170493}.Staging|Any CPU.ActiveCfg = Staging|Any CPU
		{03CAF698-563F-46B8-A31D-802F27170493}.Staging|Any CPU.Build.0 = Staging|Any CPU
		{263DA3A1-B8DF-4A24-8596-67E99884BDC1}.Debug|Any CPU.ActiveCfg = Debug|Any CPU
		{263DA3A1-B8DF-4A24-8596-67E99884BDC1}.Debug|Any CPU.Build.0 = Debug|Any CPU
		{263DA3A1-B8DF-4A24-8596-67E99884BDC1}.Release|Any CPU.ActiveCfg = Release|Any CPU
		{263DA3A1-B8DF-4A24-8596-67E99884BDC1}.Release|Any CPU.Build.0 = Release|Any CPU
		{263DA3A1-B8DF-4A24-8596-67E99884BDC1}.Staging|Any CPU.ActiveCfg = Staging|Any CPU
		{263DA3A1-B8DF-4A24-8596-67E99884BDC1}.Staging|Any CPU.Build.0 = Staging|Any CPU
		{FE6EA67B-DABB-40B1-909E-160B1D23DBE5}.Debug|Any CPU.ActiveCfg = Debug|Any CPU
		{FE6EA67B-DABB-40B1-909E-160B1D23DBE5}.Debug|Any CPU.Build.0 = Debug|Any CPU
		{FE6EA67B-DABB-40B1-909E-160B1D23DBE5}.Release|Any CPU.ActiveCfg = Release|Any CPU
		{FE6EA67B-DABB-40B1-909E-160B1D23DBE5}.Release|Any CPU.Build.0 = Release|Any CPU
		{FE6EA67B-DABB-40B1-909E-160B1D23DBE5}.Staging|Any CPU.ActiveCfg = Staging|Any CPU
		{FE6EA67B-DABB-40B1-909E-160B1D23DBE5}.Staging|Any CPU.Build.0 = Staging|Any CPU
		{425F8179-B647-4A87-A474-F89286823056}.Debug|Any CPU.ActiveCfg = Debug|Any CPU
		{425F8179-B647-4A87-A474-F89286823056}.Debug|Any CPU.Build.0 = Debug|Any CPU
		{425F8179-B647-4A87-A474-F89286823056}.Release|Any CPU.ActiveCfg = Release|Any CPU
		{425F8179-B647-4A87-A474-F89286823056}.Release|Any CPU.Build.0 = Release|Any CPU
		{425F8179-B647-4A87-A474-F89286823056}.Staging|Any CPU.ActiveCfg = Staging|Any CPU
		{425F8179-B647-4A87-A474-F89286823056}.Staging|Any CPU.Build.0 = Staging|Any CPU
		{37483C4C-BFFD-4388-A648-569B7022E2CC}.Debug|Any CPU.ActiveCfg = Debug|Any CPU
		{37483C4C-BFFD-4388-A648-569B7022E2CC}.Debug|Any CPU.Build.0 = Debug|Any CPU
		{37483C4C-BFFD-4388-A648-569B7022E2CC}.Release|Any CPU.ActiveCfg = Release|Any CPU
		{37483C4C-BFFD-4388-A648-569B7022E2CC}.Release|Any CPU.Build.0 = Release|Any CPU
		{37483C4C-BFFD-4388-A648-569B7022E2CC}.Staging|Any CPU.ActiveCfg = Staging|Any CPU
		{37483C4C-BFFD-4388-A648-569B7022E2CC}.Staging|Any CPU.Build.0 = Staging|Any CPU
		{7F0ED24E-6864-4462-A2FD-1D33A6413BBB}.Debug|Any CPU.ActiveCfg = Debug|Any CPU
		{7F0ED24E-6864-4462-A2FD-1D33A6413BBB}.Debug|Any CPU.Build.0 = Debug|Any CPU
		{7F0ED24E-6864-4462-A2FD-1D33A6413BBB}.Release|Any CPU.ActiveCfg = Release|Any CPU
		{7F0ED24E-6864-4462-A2FD-1D33A6413BBB}.Release|Any CPU.Build.0 = Release|Any CPU
		{7F0ED24E-6864-4462-A2FD-1D33A6413BBB}.Staging|Any CPU.ActiveCfg = Staging|Any CPU
		{7F0ED24E-6864-4462-A2FD-1D33A6413BBB}.Staging|Any CPU.Build.0 = Staging|Any CPU
		{9F73A0A5-269F-4658-B1E4-74544EDE41E0}.Debug|Any CPU.ActiveCfg = Debug|Any CPU
		{9F73A0A5-269F-4658-B1E4-74544EDE41E0}.Debug|Any CPU.Build.0 = Debug|Any CPU
		{9F73A0A5-269F-4658-B1E4-74544EDE41E0}.Release|Any CPU.ActiveCfg = Release|Any CPU
		{9F73A0A5-269F-4658-B1E4-74544EDE41E0}.Release|Any CPU.Build.0 = Release|Any CPU
		{9F73A0A5-269F-4658-B1E4-74544EDE41E0}.Staging|Any CPU.ActiveCfg = Staging|Any CPU
		{9F73A0A5-269F-4658-B1E4-74544EDE41E0}.Staging|Any CPU.Build.0 = Staging|Any CPU
		{7243AC0C-9841-42BD-BD79-4560466203D5}.Debug|Any CPU.ActiveCfg = Debug|Any CPU
		{7243AC0C-9841-42BD-BD79-4560466203D5}.Debug|Any CPU.Build.0 = Debug|Any CPU
		{7243AC0C-9841-42BD-BD79-4560466203D5}.Release|Any CPU.ActiveCfg = Release|Any CPU
		{7243AC0C-9841-42BD-BD79-4560466203D5}.Release|Any CPU.Build.0 = Release|Any CPU
		{7243AC0C-9841-42BD-BD79-4560466203D5}.Staging|Any CPU.ActiveCfg = Staging|Any CPU
		{7243AC0C-9841-42BD-BD79-4560466203D5}.Staging|Any CPU.Build.0 = Staging|Any CPU
		{737FC942-0341-477A-A120-6738D6D12274}.Debug|Any CPU.ActiveCfg = Debug|Any CPU
		{737FC942-0341-477A-A120-6738D6D12274}.Debug|Any CPU.Build.0 = Debug|Any CPU
		{737FC942-0341-477A-A120-6738D6D12274}.Release|Any CPU.ActiveCfg = Release|Any CPU
		{737FC942-0341-477A-A120-6738D6D12274}.Release|Any CPU.Build.0 = Release|Any CPU
		{737FC942-0341-477A-A120-6738D6D12274}.Staging|Any CPU.ActiveCfg = Staging|Any CPU
		{737FC942-0341-477A-A120-6738D6D12274}.Staging|Any CPU.Build.0 = Staging|Any CPU
		{A8F39877-FF33-4EA5-AE3D-4E4FA29E42B2}.Debug|Any CPU.ActiveCfg = Debug|Any CPU
		{A8F39877-FF33-4EA5-AE3D-4E4FA29E42B2}.Debug|Any CPU.Build.0 = Debug|Any CPU
		{A8F39877-FF33-4EA5-AE3D-4E4FA29E42B2}.Release|Any CPU.ActiveCfg = Release|Any CPU
		{A8F39877-FF33-4EA5-AE3D-4E4FA29E42B2}.Release|Any CPU.Build.0 = Release|Any CPU
		{A8F39877-FF33-4EA5-AE3D-4E4FA29E42B2}.Staging|Any CPU.ActiveCfg = Staging|Any CPU
		{A8F39877-FF33-4EA5-AE3D-4E4FA29E42B2}.Staging|Any CPU.Build.0 = Staging|Any CPU
		{BD5CCD8E-A16C-4BE8-88C5-87CE9DE82330}.Debug|Any CPU.ActiveCfg = Debug|Any CPU
		{BD5CCD8E-A16C-4BE8-88C5-87CE9DE82330}.Debug|Any CPU.Build.0 = Debug|Any CPU
		{BD5CCD8E-A16C-4BE8-88C5-87CE9DE82330}.Release|Any CPU.ActiveCfg = Release|Any CPU
		{BD5CCD8E-A16C-4BE8-88C5-87CE9DE82330}.Release|Any CPU.Build.0 = Release|Any CPU
		{BD5CCD8E-A16C-4BE8-88C5-87CE9DE82330}.Staging|Any CPU.ActiveCfg = Staging|Any CPU
		{BD5CCD8E-A16C-4BE8-88C5-87CE9DE82330}.Staging|Any CPU.Build.0 = Staging|Any CPU
		{C95737B3-D61F-480A-9DC6-3321D3210C4C}.Debug|Any CPU.ActiveCfg = Debug|Any CPU
		{C95737B3-D61F-480A-9DC6-3321D3210C4C}.Debug|Any CPU.Build.0 = Debug|Any CPU
		{C95737B3-D61F-480A-9DC6-3321D3210C4C}.Release|Any CPU.ActiveCfg = Release|Any CPU
		{C95737B3-D61F-480A-9DC6-3321D3210C4C}.Release|Any CPU.Build.0 = Release|Any CPU
		{C95737B3-D61F-480A-9DC6-3321D3210C4C}.Staging|Any CPU.ActiveCfg = Staging|Any CPU
		{C95737B3-D61F-480A-9DC6-3321D3210C4C}.Staging|Any CPU.Build.0 = Staging|Any CPU
		{063B3A0B-218D-440A-A245-2FD655B5EB1B}.Debug|Any CPU.ActiveCfg = Debug|Any CPU
		{063B3A0B-218D-440A-A245-2FD655B5EB1B}.Debug|Any CPU.Build.0 = Debug|Any CPU
		{063B3A0B-218D-440A-A245-2FD655B5EB1B}.Release|Any CPU.ActiveCfg = Release|Any CPU
		{063B3A0B-218D-440A-A245-2FD655B5EB1B}.Release|Any CPU.Build.0 = Release|Any CPU
		{063B3A0B-218D-440A-A245-2FD655B5EB1B}.Staging|Any CPU.ActiveCfg = Staging|Any CPU
		{063B3A0B-218D-440A-A245-2FD655B5EB1B}.Staging|Any CPU.Build.0 = Staging|Any CPU
		{EC7C7ACF-139F-45CF-A5A0-C2CD004A2789}.Debug|Any CPU.ActiveCfg = Debug|Any CPU
		{EC7C7ACF-139F-45CF-A5A0-C2CD004A2789}.Debug|Any CPU.Build.0 = Debug|Any CPU
		{EC7C7ACF-139F-45CF-A5A0-C2CD004A2789}.Release|Any CPU.ActiveCfg = Release|Any CPU
		{EC7C7ACF-139F-45CF-A5A0-C2CD004A2789}.Release|Any CPU.Build.0 = Release|Any CPU
		{EC7C7ACF-139F-45CF-A5A0-C2CD004A2789}.Staging|Any CPU.ActiveCfg = Staging|Any CPU
		{EC7C7ACF-139F-45CF-A5A0-C2CD004A2789}.Staging|Any CPU.Build.0 = Staging|Any CPU
		{F290C4FD-1126-485E-902A-24A0DC8D3377}.Debug|Any CPU.ActiveCfg = Debug|Any CPU
		{F290C4FD-1126-485E-902A-24A0DC8D3377}.Debug|Any CPU.Build.0 = Debug|Any CPU
		{F290C4FD-1126-485E-902A-24A0DC8D3377}.Release|Any CPU.ActiveCfg = Release|Any CPU
		{F290C4FD-1126-485E-902A-24A0DC8D3377}.Release|Any CPU.Build.0 = Release|Any CPU
		{F290C4FD-1126-485E-902A-24A0DC8D3377}.Staging|Any CPU.ActiveCfg = Staging|Any CPU
		{F290C4FD-1126-485E-902A-24A0DC8D3377}.Staging|Any CPU.Build.0 = Staging|Any CPU
		{6DB84EE5-623F-48E8-9EC7-4B1F46FCFBAF}.Debug|Any CPU.ActiveCfg = Debug|Any CPU
		{6DB84EE5-623F-48E8-9EC7-4B1F46FCFBAF}.Debug|Any CPU.Build.0 = Debug|Any CPU
		{6DB84EE5-623F-48E8-9EC7-4B1F46FCFBAF}.Release|Any CPU.ActiveCfg = Release|Any CPU
		{6DB84EE5-623F-48E8-9EC7-4B1F46FCFBAF}.Release|Any CPU.Build.0 = Release|Any CPU
		{6DB84EE5-623F-48E8-9EC7-4B1F46FCFBAF}.Staging|Any CPU.ActiveCfg = Staging|Any CPU
		{6DB84EE5-623F-48E8-9EC7-4B1F46FCFBAF}.Staging|Any CPU.Build.0 = Staging|Any CPU
		{F80C4D6D-4D88-4694-B5AD-C58F1FD14984}.Debug|Any CPU.ActiveCfg = Debug|Any CPU
		{F80C4D6D-4D88-4694-B5AD-C58F1FD14984}.Debug|Any CPU.Build.0 = Debug|Any CPU
		{F80C4D6D-4D88-4694-B5AD-C58F1FD14984}.Release|Any CPU.ActiveCfg = Release|Any CPU
		{F80C4D6D-4D88-4694-B5AD-C58F1FD14984}.Release|Any CPU.Build.0 = Release|Any CPU
		{F80C4D6D-4D88-4694-B5AD-C58F1FD14984}.Staging|Any CPU.ActiveCfg = Staging|Any CPU
		{F80C4D6D-4D88-4694-B5AD-C58F1FD14984}.Staging|Any CPU.Build.0 = Staging|Any CPU
		{49B356EF-5DC6-48CA-A089-6A5955931ADA}.Debug|Any CPU.ActiveCfg = Debug|Any CPU
		{49B356EF-5DC6-48CA-A089-6A5955931ADA}.Debug|Any CPU.Build.0 = Debug|Any CPU
		{49B356EF-5DC6-48CA-A089-6A5955931ADA}.Release|Any CPU.ActiveCfg = Release|Any CPU
		{49B356EF-5DC6-48CA-A089-6A5955931ADA}.Release|Any CPU.Build.0 = Release|Any CPU
		{49B356EF-5DC6-48CA-A089-6A5955931ADA}.Staging|Any CPU.ActiveCfg = Staging|Any CPU
		{49B356EF-5DC6-48CA-A089-6A5955931ADA}.Staging|Any CPU.Build.0 = Staging|Any CPU
		{1949B79F-FBCA-4845-8787-B8716DBAE9A9}.Debug|Any CPU.ActiveCfg = Debug|Any CPU
		{1949B79F-FBCA-4845-8787-B8716DBAE9A9}.Debug|Any CPU.Build.0 = Debug|Any CPU
		{1949B79F-FBCA-4845-8787-B8716DBAE9A9}.Release|Any CPU.ActiveCfg = Release|Any CPU
		{1949B79F-FBCA-4845-8787-B8716DBAE9A9}.Release|Any CPU.Build.0 = Release|Any CPU
		{1949B79F-FBCA-4845-8787-B8716DBAE9A9}.Staging|Any CPU.ActiveCfg = Staging|Any CPU
		{1949B79F-FBCA-4845-8787-B8716DBAE9A9}.Staging|Any CPU.Build.0 = Staging|Any CPU
		{E22BE40D-71A6-4E6F-9FFA-BA757E037672}.Debug|Any CPU.ActiveCfg = Debug|Any CPU
		{E22BE40D-71A6-4E6F-9FFA-BA757E037672}.Debug|Any CPU.Build.0 = Debug|Any CPU
		{E22BE40D-71A6-4E6F-9FFA-BA757E037672}.Release|Any CPU.ActiveCfg = Release|Any CPU
		{E22BE40D-71A6-4E6F-9FFA-BA757E037672}.Release|Any CPU.Build.0 = Release|Any CPU
		{E22BE40D-71A6-4E6F-9FFA-BA757E037672}.Staging|Any CPU.ActiveCfg = Staging|Any CPU
		{E22BE40D-71A6-4E6F-9FFA-BA757E037672}.Staging|Any CPU.Build.0 = Staging|Any CPU
		{3ADB771C-1B1E-4358-B817-2A07513415C0}.Debug|Any CPU.ActiveCfg = Debug|Any CPU
		{3ADB771C-1B1E-4358-B817-2A07513415C0}.Debug|Any CPU.Build.0 = Debug|Any CPU
		{3ADB771C-1B1E-4358-B817-2A07513415C0}.Release|Any CPU.ActiveCfg = Release|Any CPU
		{3ADB771C-1B1E-4358-B817-2A07513415C0}.Release|Any CPU.Build.0 = Release|Any CPU
		{3ADB771C-1B1E-4358-B817-2A07513415C0}.Staging|Any CPU.ActiveCfg = Staging|Any CPU
		{3ADB771C-1B1E-4358-B817-2A07513415C0}.Staging|Any CPU.Build.0 = Staging|Any CPU
		{533356FB-DF23-4C10-ABBF-3DCD84DE3AF1}.Debug|Any CPU.ActiveCfg = Debug|Any CPU
		{533356FB-DF23-4C10-ABBF-3DCD84DE3AF1}.Debug|Any CPU.Build.0 = Debug|Any CPU
		{533356FB-DF23-4C10-ABBF-3DCD84DE3AF1}.Release|Any CPU.ActiveCfg = Release|Any CPU
		{533356FB-DF23-4C10-ABBF-3DCD84DE3AF1}.Release|Any CPU.Build.0 = Release|Any CPU
		{533356FB-DF23-4C10-ABBF-3DCD84DE3AF1}.Staging|Any CPU.ActiveCfg = Staging|Any CPU
		{533356FB-DF23-4C10-ABBF-3DCD84DE3AF1}.Staging|Any CPU.Build.0 = Staging|Any CPU
		{27C7F520-2F00-49B4-A8D1-DDB8CF355359}.Debug|Any CPU.ActiveCfg = Debug|Any CPU
		{27C7F520-2F00-49B4-A8D1-DDB8CF355359}.Debug|Any CPU.Build.0 = Debug|Any CPU
		{27C7F520-2F00-49B4-A8D1-DDB8CF355359}.Release|Any CPU.ActiveCfg = Release|Any CPU
		{27C7F520-2F00-49B4-A8D1-DDB8CF355359}.Release|Any CPU.Build.0 = Release|Any CPU
		{27C7F520-2F00-49B4-A8D1-DDB8CF355359}.Staging|Any CPU.ActiveCfg = Staging|Any CPU
		{27C7F520-2F00-49B4-A8D1-DDB8CF355359}.Staging|Any CPU.Build.0 = Staging|Any CPU
		{5F08E291-FADE-4495-A55D-8C9CCA9B3D8D}.Debug|Any CPU.ActiveCfg = Debug|Any CPU
		{5F08E291-FADE-4495-A55D-8C9CCA9B3D8D}.Debug|Any CPU.Build.0 = Debug|Any CPU
		{5F08E291-FADE-4495-A55D-8C9CCA9B3D8D}.Release|Any CPU.ActiveCfg = Release|Any CPU
		{5F08E291-FADE-4495-A55D-8C9CCA9B3D8D}.Release|Any CPU.Build.0 = Release|Any CPU
		{5F08E291-FADE-4495-A55D-8C9CCA9B3D8D}.Staging|Any CPU.ActiveCfg = Staging|Any CPU
		{5F08E291-FADE-4495-A55D-8C9CCA9B3D8D}.Staging|Any CPU.Build.0 = Staging|Any CPU
		{B26801EB-946D-4A6D-A4D7-422076924177}.Debug|Any CPU.ActiveCfg = Debug|Any CPU
		{B26801EB-946D-4A6D-A4D7-422076924177}.Debug|Any CPU.Build.0 = Debug|Any CPU
		{B26801EB-946D-4A6D-A4D7-422076924177}.Release|Any CPU.ActiveCfg = Release|Any CPU
		{B26801EB-946D-4A6D-A4D7-422076924177}.Release|Any CPU.Build.0 = Release|Any CPU
		{B26801EB-946D-4A6D-A4D7-422076924177}.Staging|Any CPU.ActiveCfg = Release|Any CPU
		{B26801EB-946D-4A6D-A4D7-422076924177}.Staging|Any CPU.Build.0 = Release|Any CPU
	EndGlobalSection
	GlobalSection(SolutionProperties) = preSolution
		HideSolutionNode = FALSE
	EndGlobalSection
	GlobalSection(NestedProjects) = preSolution
		{8D360B86-F6BB-484F-93E4-6A47E7999A87} = {549CD4BD-BE39-418B-A563-34DBD1D62784}
		{03CAF698-563F-46B8-A31D-802F27170493} = {6CB0BFDA-C469-4DFF-BE94-F6C1ECE409BA}
		{263DA3A1-B8DF-4A24-8596-67E99884BDC1} = {E60C76D7-8807-43DE-9C62-9E0CF98054B6}
		{FE6EA67B-DABB-40B1-909E-160B1D23DBE5} = {A03F2738-2DFA-4FCA-BEA9-5210CA4083D4}
		{425F8179-B647-4A87-A474-F89286823056} = {0C507CA1-ABFE-4F68-9017-0BF5B1167ED0}
		{37483C4C-BFFD-4388-A648-569B7022E2CC} = {0C507CA1-ABFE-4F68-9017-0BF5B1167ED0}
		{7F0ED24E-6864-4462-A2FD-1D33A6413BBB} = {D5BA4CF0-50C7-486B-B7DE-2A1D1F3D84A1}
		{9F73A0A5-269F-4658-B1E4-74544EDE41E0} = {88CB4D3B-B626-4E05-A468-A4D095CA0BEB}
		{7243AC0C-9841-42BD-BD79-4560466203D5} = {88CB4D3B-B626-4E05-A468-A4D095CA0BEB}
		{737FC942-0341-477A-A120-6738D6D12274} = {2F9FC8C2-F524-4A8C-AC0D-AD8644D30425}
		{A8F39877-FF33-4EA5-AE3D-4E4FA29E42B2} = {2F9FC8C2-F524-4A8C-AC0D-AD8644D30425}
		{BD5CCD8E-A16C-4BE8-88C5-87CE9DE82330} = {2F9FC8C2-F524-4A8C-AC0D-AD8644D30425}
		{C95737B3-D61F-480A-9DC6-3321D3210C4C} = {B1312057-5826-42FC-B15F-7D694CE16A78}
		{063B3A0B-218D-440A-A245-2FD655B5EB1B} = {D5BA4CF0-50C7-486B-B7DE-2A1D1F3D84A1}
		{B1312057-5826-42FC-B15F-7D694CE16A78} = {2F9FC8C2-F524-4A8C-AC0D-AD8644D30425}
		{EC7C7ACF-139F-45CF-A5A0-C2CD004A2789} = {B1312057-5826-42FC-B15F-7D694CE16A78}
		{F290C4FD-1126-485E-902A-24A0DC8D3377} = {D5BA4CF0-50C7-486B-B7DE-2A1D1F3D84A1}
		{6DB84EE5-623F-48E8-9EC7-4B1F46FCFBAF} = {549CD4BD-BE39-418B-A563-34DBD1D62784}
		{F80C4D6D-4D88-4694-B5AD-C58F1FD14984} = {15E61E75-FBF2-4A92-8CA4-0CB7066A73CA}
		{718B851C-33E0-44CC-9DA5-C5E133FEF6D4} = {15E61E75-FBF2-4A92-8CA4-0CB7066A73CA}
		{49B356EF-5DC6-48CA-A089-6A5955931ADA} = {718B851C-33E0-44CC-9DA5-C5E133FEF6D4}
		{1949B79F-FBCA-4845-8787-B8716DBAE9A9} = {718B851C-33E0-44CC-9DA5-C5E133FEF6D4}
		{E22BE40D-71A6-4E6F-9FFA-BA757E037672} = {718B851C-33E0-44CC-9DA5-C5E133FEF6D4}
		{3ADB771C-1B1E-4358-B817-2A07513415C0} = {718B851C-33E0-44CC-9DA5-C5E133FEF6D4}
		{533356FB-DF23-4C10-ABBF-3DCD84DE3AF1} = {718B851C-33E0-44CC-9DA5-C5E133FEF6D4}
		{27C7F520-2F00-49B4-A8D1-DDB8CF355359} = {88CB4D3B-B626-4E05-A468-A4D095CA0BEB}
		{5F08E291-FADE-4495-A55D-8C9CCA9B3D8D} = {549CD4BD-BE39-418B-A563-34DBD1D62784}
		{B26801EB-946D-4A6D-A4D7-422076924177} = {1FD78C80-7F87-46CC-BFB9-EF0CE25ECC48}
	EndGlobalSection
EndGlobal
